DEPENDENCIES
  apache2
  apt
  git
  iptables
  mysql
  nodejs
  php
  rackspacd-cloud-backup
    git: https://github.com/rackspace-cookbooks/rackspace-cloud-backup.git
    revision: 5e1f3901ebdf69ce750f34460a65b411c4a26123
  redisio

GRAPH
  apache2 (1.9.6)
    iptables (>= 0.0.0)
    logrotate (>= 0.0.0)
    pacman (>= 0.0.0)
  apt (2.3.8)
  build-essential (1.4.4)
  chef_handler (1.1.5)
  dmg (2.2.0)
  git (3.1.0)
    build-essential (>= 0.0.0)
    dmg (>= 0.0.0)
    runit (>= 1.0.0)
    windows (>= 0.0.0)
    yum (~> 3.0)
    yum-epel (>= 0.0.0)
  homebrew (1.5.4)
  iis (2.0.2)
    windows (>= 1.2.6)
  iptables (0.12.0)
  logrotate (1.5.0)
  mysql (4.1.2)
    build-essential (~> 1.4)
    homebrew (>= 0.0.0)
    openssl (~> 1.1)
    windows (>= 0.0.0)
  nodejs (1.3.0)
    apt (>= 0.0.0)
    build-essential (>= 0.0.0)
    yum (>= 0.0.0)
  openssl (1.1.0)
  pacman (1.1.1)
  php (1.4.4)
    build-essential (>= 0.0.0)
    iis (>= 0.0.0)
    mysql (>= 0.0.0)
    windows (>= 0.0.0)
    xml (>= 0.0.0)
    yum-epel (>= 0.0.0)
  rackspacd-cloud-backup (0.3.2)
    apt (>= 0.0.0)
    yum (>= 0.0.0)
  redisio (1.7.1)
    ulimit (>= 0.1.2)
  runit (1.5.10)
    build-essential (>= 0.0.0)
    yum (~> 3.0)
    yum-epel (>= 0.0.0)
  ulimit (0.3.2)
  windows (1.30.0)
    chef_handler (>= 0.0.0)
  xml (1.2.2)
    build-essential (>= 0.0.0)
  yum (3.1.4)
  yum-epel (0.3.4)
    yum (~> 3.0)
